{
  "originHash" : "a54d113628f6d4ba2959fe0e7802570931b03157e20f73bb380e2ad0ca82d25a",
  "pins" : [
    {
      "identity" : "wwsimplevideoplayerviewui",
      "kind" : "remoteSourceControl",
      "location" : "https://github.com/William-Weng/WWSimpleVideoPlayerViewUI",
      "state" : {
        "revision" : "cdb978286e7947025d85a8366bf4e6578a32af59",
        "version" : "1.1.0"
      }
    }
  ],
  "version" : 3
}
