{
  "originHash" : "a54d113628f6d4ba2959fe0e7802570931b03157e20f73bb380e2ad0ca82d25a",
  "pins" : [
    {
      "identity" : "wwsimplevideoplayerviewui",
      "kind" : "remoteSourceControl",
      "location" : "https://github.com/William-Weng/WWSimpleVideoPlayerViewUI",
      "state" : {
        "revision" : "303beadecde1af50e954dac055e594b676260aa5",
        "version" : "1.2.3"
      }
    }
  ],
  "version" : 3
}
